
Microsoft Visual Studio Solution File, Format Version 12.00
# Visual Studio 15
VisualStudioVersion = 15.0.28307.645
MinimumVisualStudioVersion = 10.0.40219.1
Project("{FAE04EC0-301F-11D3-BF4B-00C04F79EFBC}") = "DBFtoSQL", "DBFtoSQL\DBFtoSQL.csproj", "{2504B662-48AD-4395-AD0C-93241CB7A0EA}"
EndProject
Global
	GlobalSection(SolutionConfigurationPlatforms) = preSolution
		Debug|Any CPU = Debug|Any CPU
		Debug|x86 = Debug|x86
		Release|Any CPU = Release|Any CPU
		Release|x86 = Release|x86
	EndGlobalSection
	GlobalSection(ProjectConfigurationPlatforms) = postSolution
		{2504B662-48AD-4395-AD0C-93241CB7A0EA}.Debug|Any CPU.ActiveCfg = Debug|Any CPU
		{2504B662-48AD-4395-AD0C-93241CB7A0EA}.Debug|Any CPU.Build.0 = Debug|Any CPU
		{2504B662-48AD-4395-AD0C-93241CB7A0EA}.Debug|x86.ActiveCfg = Debug|x86
		{2504B662-48AD-4395-AD0C-93241CB7A0EA}.Debug|x86.Build.0 = Debug|x86
		{2504B662-48AD-4395-AD0C-93241CB7A0EA}.Release|Any CPU.ActiveCfg = Release|Any CPU
		{2504B662-48AD-4395-AD0C-93241CB7A0EA}.Release|Any CPU.Build.0 = Release|Any CPU
		{2504B662-48AD-4395-AD0C-93241CB7A0EA}.Release|x86.ActiveCfg = Release|x86
		{2504B662-48AD-4395-AD0C-93241CB7A0EA}.Release|x86.Build.0 = Release|x86
	EndGlobalSection
	GlobalSection(SolutionProperties) = preSolution
		HideSolutionNode = FALSE
	EndGlobalSection
	GlobalSection(ExtensibilityGlobals) = postSolution
		SolutionGuid = {78175827-B688-4029-B23A-39859DC5DBFC}
	EndGlobalSection
EndGlobal
